// !$*UTF8*$!
{
	archiveVersion = 1;
	classes = {
	};
	objectVersion = 50;
	objects = {

/* Begin PBXBuildFile section */
		BA7BCC6423E46764004CA9AB /* AppDelegate.swift in Sources */ = {isa = PBXBuildFile; fileRef = BA7BCC6323E46764004CA9AB /* AppDelegate.swift */; };
		BA7BCC6623E46764004CA9AB /* SceneDelegate.swift in Sources */ = {isa = PBXBuildFile; fileRef = BA7BCC6523E46764004CA9AB /* SceneDelegate.swift */; };
		BA7BCC6823E46764004CA9AB /* ViewController.swift in Sources */ = {isa = PBXBuildFile; fileRef = BA7BCC6723E46764004CA9AB /* ViewController.swift */; };
		BA7BCC6B23E46764004CA9AB /* Main.storyboard in Resources */ = {isa = PBXBuildFile; fileRef = BA7BCC6923E46764004CA9AB /* Main.storyboard */; };
		BA7BCC6E23E46764004CA9AB /* FrostAssignment.xcdatamodeld in Sources */ = {isa = PBXBuildFile; fileRef = BA7BCC6C23E46764004CA9AB /* FrostAssignment.xcdatamodeld */; };
		BA7BCC7023E4676A004CA9AB /* Assets.xcassets in Resources */ = {isa = PBXBuildFile; fileRef = BA7BCC6F23E4676A004CA9AB /* Assets.xcassets */; };
		BA7BCC7323E4676A004CA9AB /* LaunchScreen.storyboard in Resources */ = {isa = PBXBuildFile; fileRef = BA7BCC7123E4676A004CA9AB /* LaunchScreen.storyboard */; };
/* End PBXBuildFile section */

/* Begin PBXFileReference section */
		BA7BCC6023E46764004CA9AB /* FrostAssignment.app */ = {isa = PBXFileReference; explicitFileType = wrapper.application; includeInIndex = 0; path = FrostAssignment.app; sourceTree = BUILT_PRODUCTS_DIR; };
		BA7BCC6323E46764004CA9AB /* AppDelegate.swift */ = {isa = PBXFileReference; lastKnownFileType = sourcecode.swift; path = AppDelegate.swift; sourceTree = "<group>"; };
		BA7BCC6523E46764004CA9AB /* SceneDelegate.swift */ = {isa = PBXFileReference; lastKnownFileType = sourcecode.swift; path = SceneDelegate.swift; sourceTree = "<group>"; };
		BA7BCC6723E46764004CA9AB /* ViewController.swift */ = {isa = PBXFileReference; lastKnownFileType = sourcecode.swift; path = ViewController.swift; sourceTree = "<group>"; };
		BA7BCC6A23E46764004CA9AB /* Base */ = {isa = PBXFileReference; lastKnownFileType = file.storyboard; name = Base; path = Base.lproj/Main.storyboard; sourceTree = "<group>"; };
		BA7BCC6D23E46764004CA9AB /* FrostAssignment.xcdatamodel */ = {isa = PBXFileReference; lastKnownFileType = wrapper.xcdatamodel; path = FrostAssignment.xcdatamodel; sourceTree = "<group>"; };
		BA7BCC6F23E4676A004CA9AB /* Assets.xcassets */ = {isa = PBXFileReference; lastKnownFileType = folder.assetcatalog; path = Assets.xcassets; sourceTree = "<group>"; };
		BA7BCC7223E4676A004CA9AB /* Base */ = {isa = PBXFileReference; lastKnownFileType = file.storyboard; name = Base; path = Base.lproj/LaunchScreen.storyboard; sourceTree = "<group>"; };
		BA7BCC7423E4676A004CA9AB /* Info.plist */ = {isa = PBXFileReference; lastKnownFileType = text.plist.xml; path = Info.plist; sourceTree = "<group>"; };
/* End PBXFileReference section */

/* Begin PBXFrameworksBuildPhase section */
		BA7BCC5D23E46764004CA9AB /* Frameworks */ = {
			isa = PBXFrameworksBuildPhase;
			buildActionMask = 2147483647;
			files = (
			);
			runOnlyForDeploymentPostprocessing = 0;
		};
/* End PBXFrameworksBuildPhase section */

/* Begin PBXGroup section */
		BA7BCC5723E46764004CA9AB = {
			isa = PBXGroup;
			children = (
				BA7BCC6223E46764004CA9AB /* FrostAssignment */,
				BA7BCC6123E46764004CA9AB /* Products */,
			);
			sourceTree = "<group>";
		};
		BA7BCC6123E46764004CA9AB /* Products */ = {
			isa = PBXGroup;
			children = (
				BA7BCC6023E46764004CA9AB /* FrostAssignment.app */,
			);
			name = Products;
			sourceTree = "<group>";
		};
		BA7BCC6223E46764004CA9AB /* FrostAssignment */ = {
			isa = PBXGroup;
			children = (
				BA7BCC6323E46764004CA9AB /* AppDelegate.swift */,
				BA7BCC6523E46764004CA9AB /* SceneDelegate.swift */,
				BA7BCC6723E46764004CA9AB /* ViewController.swift */,
				BA7BCC6923E46764004CA9AB /* Main.storyboard */,
				BA7BCC6F23E4676A004CA9AB /* Assets.xcassets */,
				BA7BCC7123E4676A004CA9AB /* LaunchScreen.storyboard */,
				BA7BCC7423E4676A004CA9AB /* Info.plist */,
				BA7BCC6C23E46764004CA9AB /* FrostAssignment.xcdatamodeld */,
			);
			path = FrostAssignment;
			sourceTree = "<group>";
		};
/* End PBXGroup section */

/* Begin PBXNativeTarget section */
		BA7BCC5F23E46764004CA9AB /* FrostAssignment */ = {
			isa = PBXNativeTarget;
			buildConfigurationList = BA7BCC7723E4676A004CA9AB /* Build configuration list for PBXNativeTarget "FrostAssignment" */;
			buildPhases = (
				BA7BCC5C23E46764004CA9AB /* Sources */,
				BA7BCC5D23E46764004CA9AB /* Frameworks */,
				BA7BCC5E23E46764004CA9AB /* Resources */,
			);
			buildRules = (
			);
			dependencies = (
			);
			name = FrostAssignment;
			productName = FrostAssignment;
			productReference = BA7BCC6023E46764004CA9AB /* FrostAssignment.app */;
			productType = "com.apple.product-type.application";
		};
/* End PBXNativeTarget section */

/* Begin PBXProject section */
		BA7BCC5823E46764004CA9AB /* Project object */ = {
			isa = PBXProject;
			attributes = {
				LastSwiftUpdateCheck = 1120;
				LastUpgradeCheck = 1120;
				ORGANIZATIONNAME = "Chandrasekhar K";
				TargetAttributes = {
					BA7BCC5F23E46764004CA9AB = {
						CreatedOnToolsVersion = 11.2.1;
					};
				};
			};
			buildConfigurationList = BA7BCC5B23E46764004CA9AB /* Build configuration list for PBXProject "FrostAssignment" */;
			compatibilityVersion = "Xcode 9.3";
			developmentRegion = en;
			hasScannedForEncodings = 0;
			knownRegions = (
				en,
				Base,
			);
			mainGroup = BA7BCC5723E46764004CA9AB;
			productRefGroup = BA7BCC6123E46764004CA9AB /* Products */;
			projectDirPath = "";
			projectRoot = "";
			targets = (
				BA7BCC5F23E46764004CA9AB /* FrostAssignment */,
			);
		};
/* End PBXProject section */

/* Begin PBXResourcesBuildPhase section */
		BA7BCC5E23E46764004CA9AB /* Resources */ = {
			isa = PBXResourcesBuildPhase;
			buildActionMask = 2147483647;
			files = (
				BA7BCC7323E4676A004CA9AB /* LaunchScreen.storyboard in Resources */,
				BA7BCC7023E4676A004CA9AB /* Assets.xcassets in Resources */,
				BA7BCC6B23E46764004CA9AB /* Main.storyboard in Resources */,
			);
			runOnlyForDeploymentPostprocessing = 0;
		};
/* End PBXResourcesBuildPhase section */

/* Begin PBXSourcesBuildPhase section */
		BA7BCC5C23E46764004CA9AB /* Sources */ = {
			isa = PBXSourcesBuildPhase;
			buildActionMask = 2147483647;
			files = (
				BA7BCC6823E46764004CA9AB /* ViewController.swift in Sources */,
				BA7BCC6423E46764004CA9AB /* AppDelegate.swift in Sources */,
				BA7BCC6623E46764004CA9AB /* SceneDelegate.swift in Sources */,
				BA7BCC6E23E46764004CA9AB /* FrostAssignment.xcdatamodeld in Sources */,
			);
			runOnlyForDeploymentPostprocessing = 0;
		};
/* End PBXSourcesBuildPhase section */

/* Begin PBXVariantGroup section */
		BA7BCC6923E46764004CA9AB /* Main.storyboard */ = {
			isa = PBXVariantGroup;
			children = (
				BA7BCC6A23E46764004CA9AB /* Base */,
			);
			name = Main.storyboard;
			sourceTree = "<group>";
		};
		BA7BCC7123E4676A004CA9AB /* LaunchScreen.storyboard */ = {
			isa = PBXVariantGroup;
			children = (
				BA7BCC7223E4676A004CA9AB /* Base */,
			);
			name = LaunchScreen.storyboard;
			sourceTree = "<group>";
		};
/* End PBXVariantGroup section */

/* Begin XCBuildConfiguration section */
		BA7BCC7523E4676A004CA9AB /* Debug */ = {
			isa = XCBuildConfiguration;
			buildSettings = {
				ALWAYS_SEARCH_USER_PATHS = NO;
				CLANG_ANALYZER_NONNULL = YES;
				CLANG_ANALYZER_NUMBER_OBJECT_CONVERSION = YES_AGGRESSIVE;
				CLANG_CXX_LANGUAGE_STANDARD = "gnu++14";
				CLANG_CXX_LIBRARY = "libc++";
				CLANG_ENABLE_MODULES = YES;
				CLANG_ENABLE_OBJC_ARC = YES;
				CLANG_ENABLE_OBJC_WEAK = YES;
				CLANG_WARN_BLOCK_CAPTURE_AUTORELEASING = YES;
				CLANG_WARN_BOOL_CONVERSION = YES;
				CLANG_WARN_COMMA = YES;
				CLANG_WARN_CONSTANT_CONVERSION = YES;
				CLANG_WARN_DEPRECATED_OBJC_IMPLEMENTATIONS = YES;
				CLANG_WARN_DIRECT_OBJC_ISA_USAGE = YES_ERROR;
				CLANG_WARN_DOCUMENTATION_COMMENTS = YES;
				CLANG_WARN_EMPTY_BODY = YES;
				CLANG_WARN_ENUM_CONVERSION = YES;
				CLANG_WARN_INFINITE_RECURSION = YES;
				CLANG_WARN_INT_CONVERSION = YES;
				CLANG_WARN_NON_LITERAL_NULL_CONVERSION = YES;
				CLANG_WARN_OBJC_IMPLICIT_RETAIN_SELF = YES;
				CLANG_WARN_OBJC_LITERAL_CONVERSION = YES;
				CLANG_WARN_OBJC_ROOT_CLASS = YES_ERROR;
				CLANG_WARN_RANGE_LOOP_ANALYSIS = YES;
				CLANG_WARN_STRICT_PROTOTYPES = YES;
				CLANG_WARN_SUSPICIOUS_MOVE = YES;
				CLANG_WARN_UNGUARDED_AVAILABILITY = YES_AGGRESSIVE;
				CLANG_WARN_UNREACHABLE_CODE = YES;
				CLANG_WARN__DUPLICATE_METHOD_MATCH = YES;
				COPY_PHASE_STRIP = NO;
				DEBUG_INFORMATION_FORMAT = dwarf;
				ENABLE_STRICT_OBJC_MSGSEND = YES;
				ENABLE_TESTABILITY = YES;
				GCC_C_LANGUAGE_STANDARD = gnu11;
				GCC_DYNAMIC_NO_PIC = NO;
				GCC_NO_COMMON_BLOCKS = YES;
				GCC_OPTIMIZATION_LEVEL = 0;
				GCC_PREPROCESSOR_DEFINITIONS = (
					"DEBUG=1",
					"$(inherited)",
				);
				GCC_WARN_64_TO_32_BIT_CONVERSION = YES;
				GCC_WARN_ABOUT_RETURN_TYPE = YES_ERROR;
				GCC_WARN_UNDECLARED_SELECTOR = YES;
				GCC_WARN_UNINITIALIZED_AUTOS = YES_AGGRESSIVE;
				GCC_WARN_UNUSED_FUNCTION = YES;
				GCC_WARN_UNUSED_VARIABLE = YES;
				IPHONEOS_DEPLOYMENT_TARGET = 13.2;
				MTL_ENABLE_DEBUG_INFO = INCLUDE_SOURCE;
				MTL_FAST_MATH = YES;
				ONLY_ACTIVE_ARCH = YES;
				SDKROOT = iphoneos;
				SWIFT_ACTIVE_COMPILATION_CONDITIONS = DEBUG;
				SWIFT_OPTIMIZATION_LEVEL = "-Onone";
			};
			name = Debug;
		};
		BA7BCC7623E4676A004CA9AB /* Release */ = {
			isa = XCBuildConfiguration;
			buildSettings = {
				ALWAYS_SEARCH_USER_PATHS = NO;
				CLANG_ANALYZER_NONNULL = YES;
				CLANG_ANALYZER_NUMBER_OBJECT_CONVERSION = YES_AGGRESSIVE;
				CLANG_CXX_LANGUAGE_STANDARD = "gnu++14";
				CLANG_CXX_LIBRARY = "libc++";
				CLANG_ENABLE_MODULES = YES;
				CLANG_ENABLE_OBJC_ARC = YES;
				CLANG_ENABLE_OBJC_WEAK = YES;
				CLANG_WARN_BLOCK_CAPTURE_AUTORELEASING = YES;
				CLANG_WARN_BOOL_CONVERSION = YES;
				CLANG_WARN_COMMA = YES;
				CLANG_WARN_CONSTANT_CONVERSION = YES;
				CLANG_WARN_DEPRECATED_OBJC_IMPLEMENTATIONS = YES;
				CLANG_WARN_DIRECT_OBJC_ISA_USAGE = YES_ERROR;
				CLANG_WARN_DOCUMENTATION_COMMENTS = YES;
				CLANG_WARN_EMPTY_BODY = YES;
				CLANG_WARN_ENUM_CONVERSION = YES;
				CLANG_WARN_INFINITE_RECURSION = YES;
				CLANG_WARN_INT_CONVERSION = YES;
				CLANG_WARN_NON_LITERAL_NULL_CONVERSION = YES;
				CLANG_WARN_OBJC_IMPLICIT_RETAIN_SELF = YES;
				CLANG_WARN_OBJC_LITERAL_CONVERSION = YES;
				CLANG_WARN_OBJC_ROOT_CLASS = YES_ERROR;
				CLANG_WARN_RANGE_LOOP_ANALYSIS = YES;
				CLANG_WARN_STRICT_PROTOTYPES = YES;
				CLANG_WARN_SUSPICIOUS_MOVE = YES;
				CLANG_WARN_UNGUARDED_AVAILABILITY = YES_AGGRESSIVE;
				CLANG_WARN_UNREACHABLE_CODE = YES;
				CLANG_WARN__DUPLICATE_METHOD_MATCH = YES;
				COPY_PHASE_STRIP = NO;
				DEBUG_INFORMATION_FORMAT = "dwarf-with-dsym";
				ENABLE_NS_ASSERTIONS = NO;
				ENABLE_STRICT_OBJC_MSGSEND = YES;
				GCC_C_LANGUAGE_STANDARD = gnu11;
				GCC_NO_COMMON_BLOCKS = YES;
				GCC_WARN_64_TO_32_BIT_CONVERSION = YES;
				GCC_WARN_ABOUT_RETURN_TYPE = YES_ERROR;
				GCC_WARN_UNDECLARED_SELECTOR = YES;
				GCC_WARN_UNINITIALIZED_AUTOS = YES_AGGRESSIVE;
				GCC_WARN_UNUSED_FUNCTION = YES;
				GCC_WARN_UNUSED_VARIABLE = YES;
				IPHONEOS_DEPLOYMENT_TARGET = 13.2;
				MTL_ENABLE_DEBUG_INFO = NO;
				MTL_FAST_MATH = YES;
				SDKROOT = iphoneos;
				SWIFT_COMPILATION_MODE = wholemodule;
				SWIFT_OPTIMIZATION_LEVEL = "-O";
				VALIDATE_PRODUCT = YES;
			};
			name = Release;
		};
		BA7BCC7823E4676A004CA9AB /* Debug */ = {
			isa = XCBuildConfiguration;
			buildSettings = {
				ASSETCATALOG_COMPILER_APPICON_NAME = AppIcon;
				CODE_SIGN_STYLE = Automatic;
				DEVELOPMENT_TEAM = 583Z8P6T29;
				INFOPLIST_FILE = FrostAssignment/Info.plist;
				LD_RUNPATH_SEARCH_PATHS = (
					"$(inherited)",
					"@executable_path/Frameworks",
				);
				PRODUCT_BUNDLE_IDENTIFIER = com.iOS.FrostAssignment;
				PRODUCT_NAME = "$(TARGET_NAME)";
				SWIFT_VERSION = 5.0;
				TARGETED_DEVICE_FAMILY = "1,2";
			};
			name = Debug;
		};
		BA7BCC7923E4676A004CA9AB /* Release */ = {
			isa = XCBuildConfiguration;
			buildSettings = {
				ASSETCATALOG_COMPILER_APPICON_NAME = AppIcon;
				CODE_SIGN_STYLE = Automatic;
				DEVELOPMENT_TEAM = 583Z8P6T29;
				INFOPLIST_FILE = FrostAssignment/Info.plist;
				LD_RUNPATH_SEARCH_PATHS = (
					"$(inherited)",
					"@executable_path/Frameworks",
				);
				PRODUCT_BUNDLE_IDENTIFIER = com.iOS.FrostAssignment;
				PRODUCT_NAME = "$(TARGET_NAME)";
				SWIFT_VERSION = 5.0;
				TARGETED_DEVICE_FAMILY = "1,2";
			};
			name = Release;
		};
/* End XCBuildConfiguration section */

/* Begin XCConfigurationList section */
		BA7BCC5B23E46764004CA9AB /* Build configuration list for PBXProject "FrostAssignment" */ = {
			isa = XCConfigurationList;
			buildConfigurations = (
				BA7BCC7523E4676A004CA9AB /* Debug */,
				BA7BCC7623E4676A004CA9AB /* Release */,
			);
			defaultConfigurationIsVisible = 0;
			defaultConfigurationName = Release;
		};
		BA7BCC7723E4676A004CA9AB /* Build configuration list for PBXNativeTarget "FrostAssignment" */ = {
			isa = XCConfigurationList;
			buildConfigurations = (
				BA7BCC7823E4676A004CA9AB /* Debug */,
				BA7BCC7923E4676A004CA9AB /* Release */,
			);
			defaultConfigurationIsVisible = 0;
			defaultConfigurationName = Release;
		};
/* End XCConfigurationList section */

/* Begin XCVersionGroup section */
		BA7BCC6C23E46764004CA9AB /* FrostAssignment.xcdatamodeld */ = {
			isa = XCVersionGroup;
			children = (
				BA7BCC6D23E46764004CA9AB /* FrostAssignment.xcdatamodel */,
			);
			currentVersion = BA7BCC6D23E46764004CA9AB /* FrostAssignment.xcdatamodel */;
			path = FrostAssignment.xcdatamodeld;
			sourceTree = "<group>";
			versionGroupType = wrapper.xcdatamodel;
		};
/* End XCVersionGroup section */
	};
	rootObject = BA7BCC5823E46764004CA9AB /* Project object */;
}
